// !$*UTF8*$!
{
	archiveVersion = 1;
	classes = {
	};
	objectVersion = 46;
	objects = {

/* Begin PBXBuildFile section */
		EC9980681F039C5A00D466EF /* LoginViewController.swift in Sources */ = {isa = PBXBuildFile; fileRef = EC9980661F039C5A00D466EF /* LoginViewController.swift */; };
		EC9980691F039C5A00D466EF /* LoginViewController.xib in Resources */ = {isa = PBXBuildFile; fileRef = EC9980671F039C5A00D466EF /* LoginViewController.xib */; };
		EC99806B1F03A8E900D466EF /* LoginRetriever.swift in Sources */ = {isa = PBXBuildFile; fileRef = EC99806A1F03A8E900D466EF /* LoginRetriever.swift */; };
		F812231C1EE8320C00813736 /* ChatViewController.swift in Sources */ = {isa = PBXBuildFile; fileRef = F812231A1EE8320C00813736 /* ChatViewController.swift */; };
		F812231D1EE8320C00813736 /* ChatViewController.xib in Resources */ = {isa = PBXBuildFile; fileRef = F812231B1EE8320C00813736 /* ChatViewController.xib */; };
		F81223371EE8465900813736 /* SocketAckEmitter.swift in Sources */ = {isa = PBXBuildFile; fileRef = F812231F1EE8465900813736 /* SocketAckEmitter.swift */; };
		F81223381EE8465900813736 /* SocketAckManager.swift in Sources */ = {isa = PBXBuildFile; fileRef = F81223201EE8465900813736 /* SocketAckManager.swift */; };
		F81223391EE8465900813736 /* SocketAnyEvent.swift in Sources */ = {isa = PBXBuildFile; fileRef = F81223211EE8465900813736 /* SocketAnyEvent.swift */; };
		F812233A1EE8465900813736 /* SocketClientManager.swift in Sources */ = {isa = PBXBuildFile; fileRef = F81223221EE8465900813736 /* SocketClientManager.swift */; };
		F812233B1EE8465900813736 /* SocketEngine.swift in Sources */ = {isa = PBXBuildFile; fileRef = F81223231EE8465900813736 /* SocketEngine.swift */; };
		F812233C1EE8465900813736 /* SocketEngineClient.swift in Sources */ = {isa = PBXBuildFile; fileRef = F81223241EE8465900813736 /* SocketEngineClient.swift */; };
		F812233D1EE8465900813736 /* SocketEnginePacketType.swift in Sources */ = {isa = PBXBuildFile; fileRef = F81223251EE8465900813736 /* SocketEnginePacketType.swift */; };
		F812233E1EE8465900813736 /* SocketEnginePollable.swift in Sources */ = {isa = PBXBuildFile; fileRef = F81223261EE8465900813736 /* SocketEnginePollable.swift */; };
		F812233F1EE8465900813736 /* SocketEngineSpec.swift in Sources */ = {isa = PBXBuildFile; fileRef = F81223271EE8465900813736 /* SocketEngineSpec.swift */; };
		F81223401EE8465900813736 /* SocketEngineWebsocket.swift in Sources */ = {isa = PBXBuildFile; fileRef = F81223281EE8465900813736 /* SocketEngineWebsocket.swift */; };
		F81223411EE8465900813736 /* SocketEventHandler.swift in Sources */ = {isa = PBXBuildFile; fileRef = F81223291EE8465900813736 /* SocketEventHandler.swift */; };
		F81223421EE8465900813736 /* SocketExtensions.swift in Sources */ = {isa = PBXBuildFile; fileRef = F812232A1EE8465900813736 /* SocketExtensions.swift */; };
		F81223431EE8465900813736 /* SocketIOClient.swift in Sources */ = {isa = PBXBuildFile; fileRef = F812232B1EE8465900813736 /* SocketIOClient.swift */; };
		F81223441EE8465900813736 /* SocketIOClientConfiguration.swift in Sources */ = {isa = PBXBuildFile; fileRef = F812232C1EE8465900813736 /* SocketIOClientConfiguration.swift */; };
		F81223451EE8465900813736 /* SocketIOClientOption.swift in Sources */ = {isa = PBXBuildFile; fileRef = F812232D1EE8465900813736 /* SocketIOClientOption.swift */; };
		F81223461EE8465900813736 /* SocketIOClientSpec.swift in Sources */ = {isa = PBXBuildFile; fileRef = F812232E1EE8465900813736 /* SocketIOClientSpec.swift */; };
		F81223471EE8465900813736 /* SocketIOClientStatus.swift in Sources */ = {isa = PBXBuildFile; fileRef = F812232F1EE8465900813736 /* SocketIOClientStatus.swift */; };
		F81223481EE8465900813736 /* SocketLogger.swift in Sources */ = {isa = PBXBuildFile; fileRef = F81223301EE8465900813736 /* SocketLogger.swift */; };
		F81223491EE8465900813736 /* SocketPacket.swift in Sources */ = {isa = PBXBuildFile; fileRef = F81223311EE8465900813736 /* SocketPacket.swift */; };
		F812234A1EE8465900813736 /* SocketParsable.swift in Sources */ = {isa = PBXBuildFile; fileRef = F81223321EE8465900813736 /* SocketParsable.swift */; };
		F812234B1EE8465900813736 /* SocketStringReader.swift in Sources */ = {isa = PBXBuildFile; fileRef = F81223331EE8465900813736 /* SocketStringReader.swift */; };
		F812234C1EE8465900813736 /* SocketTypes.swift in Sources */ = {isa = PBXBuildFile; fileRef = F81223341EE8465900813736 /* SocketTypes.swift */; };
		F812234D1EE8465900813736 /* SSLSecurity.swift in Sources */ = {isa = PBXBuildFile; fileRef = F81223351EE8465900813736 /* SSLSecurity.swift */; };
		F812234E1EE8465900813736 /* WebSocket.swift in Sources */ = {isa = PBXBuildFile; fileRef = F81223361EE8465900813736 /* WebSocket.swift */; };
		F81223511EE846C400813736 /* SocketIOManager.swift in Sources */ = {isa = PBXBuildFile; fileRef = F81223501EE846C400813736 /* SocketIOManager.swift */; };
		F88B4DAA1F039FE500AA9545 /* background.png in Resources */ = {isa = PBXBuildFile; fileRef = F88B4DA61F039FE500AA9545 /* background.png */; };
		F88B4DAB1F039FE500AA9545 /* favicon.png in Resources */ = {isa = PBXBuildFile; fileRef = F88B4DA71F039FE500AA9545 /* favicon.png */; };
		F88B4DAC1F039FE500AA9545 /* font.ttf in Resources */ = {isa = PBXBuildFile; fileRef = F88B4DA81F039FE500AA9545 /* font.ttf */; };
		F88B4DAD1F039FE500AA9545 /* logo.png in Resources */ = {isa = PBXBuildFile; fileRef = F88B4DA91F039FE500AA9545 /* logo.png */; };
		F88B4DB21F03A84500AA9545 /* UserRetriever.swift in Sources */ = {isa = PBXBuildFile; fileRef = F88B4DB11F03A84500AA9545 /* UserRetriever.swift */; };
		F88B4DB41F03AABD00AA9545 /* AbstractRetriever.swift in Sources */ = {isa = PBXBuildFile; fileRef = F88B4DB31F03AABD00AA9545 /* AbstractRetriever.swift */; };
		F8D236D21ECD9AD000D19043 /* AppDelegate.swift in Sources */ = {isa = PBXBuildFile; fileRef = F8D236D11ECD9AD000D19043 /* AppDelegate.swift */; };
		F8D236D71ECD9AD000D19043 /* Main.storyboard in Resources */ = {isa = PBXBuildFile; fileRef = F8D236D51ECD9AD000D19043 /* Main.storyboard */; };
		F8D236D91ECD9AD000D19043 /* Assets.xcassets in Resources */ = {isa = PBXBuildFile; fileRef = F8D236D81ECD9AD000D19043 /* Assets.xcassets */; };
		F8D236DC1ECD9AD000D19043 /* LaunchScreen.storyboard in Resources */ = {isa = PBXBuildFile; fileRef = F8D236DA1ECD9AD000D19043 /* LaunchScreen.storyboard */; };
		F8D236E51ECD9B8700D19043 /* BaseCell.swift in Sources */ = {isa = PBXBuildFile; fileRef = F8D236E31ECD9B8700D19043 /* BaseCell.swift */; };
		F8D236F31ECDA2E900D19043 /* ChatCell.swift in Sources */ = {isa = PBXBuildFile; fileRef = F8D236F11ECDA2E900D19043 /* ChatCell.swift */; };
		F8D236F41ECDA2E900D19043 /* ChatCell.xib in Resources */ = {isa = PBXBuildFile; fileRef = F8D236F21ECDA2E900D19043 /* ChatCell.xib */; };
		F8D236F91ECDA91E00D19043 /* UserCell.swift in Sources */ = {isa = PBXBuildFile; fileRef = F8D236F71ECDA91E00D19043 /* UserCell.swift */; };
		F8D236FA1ECDA91E00D19043 /* UserCell.xib in Resources */ = {isa = PBXBuildFile; fileRef = F8D236F81ECDA91E00D19043 /* UserCell.xib */; };
		F8D236FD1ECDAF7D00D19043 /* UsersViewController.swift in Sources */ = {isa = PBXBuildFile; fileRef = F8D236FB1ECDAF7D00D19043 /* UsersViewController.swift */; };
		F8D236FE1ECDAF7D00D19043 /* UsersViewController.xib in Resources */ = {isa = PBXBuildFile; fileRef = F8D236FC1ECDAF7D00D19043 /* UsersViewController.xib */; };
		F8D237001ECDB09D00D19043 /* User.swift in Sources */ = {isa = PBXBuildFile; fileRef = F8D236FF1ECDB09D00D19043 /* User.swift */; };
/* End PBXBuildFile section */

/* Begin PBXFileReference section */
		EC9980661F039C5A00D466EF /* LoginViewController.swift */ = {isa = PBXFileReference; fileEncoding = 4; lastKnownFileType = sourcecode.swift; path = LoginViewController.swift; sourceTree = "<group>"; };
		EC9980671F039C5A00D466EF /* LoginViewController.xib */ = {isa = PBXFileReference; fileEncoding = 4; lastKnownFileType = file.xib; path = LoginViewController.xib; sourceTree = "<group>"; };
		EC99806A1F03A8E900D466EF /* LoginRetriever.swift */ = {isa = PBXFileReference; fileEncoding = 4; lastKnownFileType = sourcecode.swift; path = LoginRetriever.swift; sourceTree = "<group>"; };
		F812231A1EE8320C00813736 /* ChatViewController.swift */ = {isa = PBXFileReference; fileEncoding = 4; lastKnownFileType = sourcecode.swift; path = ChatViewController.swift; sourceTree = "<group>"; };
		F812231B1EE8320C00813736 /* ChatViewController.xib */ = {isa = PBXFileReference; fileEncoding = 4; lastKnownFileType = file.xib; path = ChatViewController.xib; sourceTree = "<group>"; };
		F812231F1EE8465900813736 /* SocketAckEmitter.swift */ = {isa = PBXFileReference; fileEncoding = 4; lastKnownFileType = sourcecode.swift; path = SocketAckEmitter.swift; sourceTree = "<group>"; };
		F81223201EE8465900813736 /* SocketAckManager.swift */ = {isa = PBXFileReference; fileEncoding = 4; lastKnownFileType = sourcecode.swift; path = SocketAckManager.swift; sourceTree = "<group>"; };
		F81223211EE8465900813736 /* SocketAnyEvent.swift */ = {isa = PBXFileReference; fileEncoding = 4; lastKnownFileType = sourcecode.swift; path = SocketAnyEvent.swift; sourceTree = "<group>"; };
		F81223221EE8465900813736 /* SocketClientManager.swift */ = {isa = PBXFileReference; fileEncoding = 4; lastKnownFileType = sourcecode.swift; path = SocketClientManager.swift; sourceTree = "<group>"; };
		F81223231EE8465900813736 /* SocketEngine.swift */ = {isa = PBXFileReference; fileEncoding = 4; lastKnownFileType = sourcecode.swift; path = SocketEngine.swift; sourceTree = "<group>"; };
		F81223241EE8465900813736 /* SocketEngineClient.swift */ = {isa = PBXFileReference; fileEncoding = 4; lastKnownFileType = sourcecode.swift; path = SocketEngineClient.swift; sourceTree = "<group>"; };
		F81223251EE8465900813736 /* SocketEnginePacketType.swift */ = {isa = PBXFileReference; fileEncoding = 4; lastKnownFileType = sourcecode.swift; path = SocketEnginePacketType.swift; sourceTree = "<group>"; };
		F81223261EE8465900813736 /* SocketEnginePollable.swift */ = {isa = PBXFileReference; fileEncoding = 4; lastKnownFileType = sourcecode.swift; path = SocketEnginePollable.swift; sourceTree = "<group>"; };
		F81223271EE8465900813736 /* SocketEngineSpec.swift */ = {isa = PBXFileReference; fileEncoding = 4; lastKnownFileType = sourcecode.swift; path = SocketEngineSpec.swift; sourceTree = "<group>"; };
		F81223281EE8465900813736 /* SocketEngineWebsocket.swift */ = {isa = PBXFileReference; fileEncoding = 4; lastKnownFileType = sourcecode.swift; path = SocketEngineWebsocket.swift; sourceTree = "<group>"; };
		F81223291EE8465900813736 /* SocketEventHandler.swift */ = {isa = PBXFileReference; fileEncoding = 4; lastKnownFileType = sourcecode.swift; path = SocketEventHandler.swift; sourceTree = "<group>"; };
		F812232A1EE8465900813736 /* SocketExtensions.swift */ = {isa = PBXFileReference; fileEncoding = 4; lastKnownFileType = sourcecode.swift; path = SocketExtensions.swift; sourceTree = "<group>"; };
		F812232B1EE8465900813736 /* SocketIOClient.swift */ = {isa = PBXFileReference; fileEncoding = 4; lastKnownFileType = sourcecode.swift; path = SocketIOClient.swift; sourceTree = "<group>"; };
		F812232C1EE8465900813736 /* SocketIOClientConfiguration.swift */ = {isa = PBXFileReference; fileEncoding = 4; lastKnownFileType = sourcecode.swift; path = SocketIOClientConfiguration.swift; sourceTree = "<group>"; };
		F812232D1EE8465900813736 /* SocketIOClientOption.swift */ = {isa = PBXFileReference; fileEncoding = 4; lastKnownFileType = sourcecode.swift; path = SocketIOClientOption.swift; sourceTree = "<group>"; };
		F812232E1EE8465900813736 /* SocketIOClientSpec.swift */ = {isa = PBXFileReference; fileEncoding = 4; lastKnownFileType = sourcecode.swift; path = SocketIOClientSpec.swift; sourceTree = "<group>"; };
		F812232F1EE8465900813736 /* SocketIOClientStatus.swift */ = {isa = PBXFileReference; fileEncoding = 4; lastKnownFileType = sourcecode.swift; path = SocketIOClientStatus.swift; sourceTree = "<group>"; };
		F81223301EE8465900813736 /* SocketLogger.swift */ = {isa = PBXFileReference; fileEncoding = 4; lastKnownFileType = sourcecode.swift; path = SocketLogger.swift; sourceTree = "<group>"; };
		F81223311EE8465900813736 /* SocketPacket.swift */ = {isa = PBXFileReference; fileEncoding = 4; lastKnownFileType = sourcecode.swift; path = SocketPacket.swift; sourceTree = "<group>"; };
		F81223321EE8465900813736 /* SocketParsable.swift */ = {isa = PBXFileReference; fileEncoding = 4; lastKnownFileType = sourcecode.swift; path = SocketParsable.swift; sourceTree = "<group>"; };
		F81223331EE8465900813736 /* SocketStringReader.swift */ = {isa = PBXFileReference; fileEncoding = 4; lastKnownFileType = sourcecode.swift; path = SocketStringReader.swift; sourceTree = "<group>"; };
		F81223341EE8465900813736 /* SocketTypes.swift */ = {isa = PBXFileReference; fileEncoding = 4; lastKnownFileType = sourcecode.swift; path = SocketTypes.swift; sourceTree = "<group>"; };
		F81223351EE8465900813736 /* SSLSecurity.swift */ = {isa = PBXFileReference; fileEncoding = 4; lastKnownFileType = sourcecode.swift; path = SSLSecurity.swift; sourceTree = "<group>"; };
		F81223361EE8465900813736 /* WebSocket.swift */ = {isa = PBXFileReference; fileEncoding = 4; lastKnownFileType = sourcecode.swift; path = WebSocket.swift; sourceTree = "<group>"; };
		F81223501EE846C400813736 /* SocketIOManager.swift */ = {isa = PBXFileReference; fileEncoding = 4; lastKnownFileType = sourcecode.swift; path = SocketIOManager.swift; sourceTree = "<group>"; };
		F88B4DA61F039FE500AA9545 /* background.png */ = {isa = PBXFileReference; lastKnownFileType = image.png; name = background.png; path = Resources/background.png; sourceTree = "<group>"; };
		F88B4DA71F039FE500AA9545 /* favicon.png */ = {isa = PBXFileReference; lastKnownFileType = image.png; name = favicon.png; path = Resources/favicon.png; sourceTree = "<group>"; };
		F88B4DA81F039FE500AA9545 /* font.ttf */ = {isa = PBXFileReference; lastKnownFileType = file; name = font.ttf; path = Resources/font.ttf; sourceTree = "<group>"; };
		F88B4DA91F039FE500AA9545 /* logo.png */ = {isa = PBXFileReference; lastKnownFileType = image.png; name = logo.png; path = Resources/logo.png; sourceTree = "<group>"; };
		F88B4DB11F03A84500AA9545 /* UserRetriever.swift */ = {isa = PBXFileReference; fileEncoding = 4; lastKnownFileType = sourcecode.swift; path = UserRetriever.swift; sourceTree = "<group>"; };
		F88B4DB31F03AABD00AA9545 /* AbstractRetriever.swift */ = {isa = PBXFileReference; fileEncoding = 4; lastKnownFileType = sourcecode.swift; path = AbstractRetriever.swift; sourceTree = "<group>"; };
		F8D236CE1ECD9AD000D19043 /* SharpeApp.app */ = {isa = PBXFileReference; explicitFileType = wrapper.application; includeInIndex = 0; path = SharpeApp.app; sourceTree = BUILT_PRODUCTS_DIR; };
		F8D236D11ECD9AD000D19043 /* AppDelegate.swift */ = {isa = PBXFileReference; lastKnownFileType = sourcecode.swift; path = AppDelegate.swift; sourceTree = "<group>"; };
		F8D236D61ECD9AD000D19043 /* Base */ = {isa = PBXFileReference; lastKnownFileType = file.storyboard; name = Base; path = Base.lproj/Main.storyboard; sourceTree = "<group>"; };
		F8D236D81ECD9AD000D19043 /* Assets.xcassets */ = {isa = PBXFileReference; lastKnownFileType = folder.assetcatalog; path = Assets.xcassets; sourceTree = "<group>"; };
		F8D236DB1ECD9AD000D19043 /* Base */ = {isa = PBXFileReference; lastKnownFileType = file.storyboard; name = Base; path = Base.lproj/LaunchScreen.storyboard; sourceTree = "<group>"; };
		F8D236DD1ECD9AD000D19043 /* Info.plist */ = {isa = PBXFileReference; lastKnownFileType = text.plist.xml; path = Info.plist; sourceTree = "<group>"; };
		F8D236E31ECD9B8700D19043 /* BaseCell.swift */ = {isa = PBXFileReference; fileEncoding = 4; lastKnownFileType = sourcecode.swift; path = BaseCell.swift; sourceTree = "<group>"; };
		F8D236F11ECDA2E900D19043 /* ChatCell.swift */ = {isa = PBXFileReference; fileEncoding = 4; lastKnownFileType = sourcecode.swift; path = ChatCell.swift; sourceTree = "<group>"; };
		F8D236F21ECDA2E900D19043 /* ChatCell.xib */ = {isa = PBXFileReference; fileEncoding = 4; lastKnownFileType = file.xib; path = ChatCell.xib; sourceTree = "<group>"; };
		F8D236F71ECDA91E00D19043 /* UserCell.swift */ = {isa = PBXFileReference; fileEncoding = 4; lastKnownFileType = sourcecode.swift; path = UserCell.swift; sourceTree = "<group>"; };
		F8D236F81ECDA91E00D19043 /* UserCell.xib */ = {isa = PBXFileReference; fileEncoding = 4; lastKnownFileType = file.xib; path = UserCell.xib; sourceTree = "<group>"; };
		F8D236FB1ECDAF7D00D19043 /* UsersViewController.swift */ = {isa = PBXFileReference; fileEncoding = 4; lastKnownFileType = sourcecode.swift; path = UsersViewController.swift; sourceTree = "<group>"; };
		F8D236FC1ECDAF7D00D19043 /* UsersViewController.xib */ = {isa = PBXFileReference; fileEncoding = 4; lastKnownFileType = file.xib; path = UsersViewController.xib; sourceTree = "<group>"; };
		F8D236FF1ECDB09D00D19043 /* User.swift */ = {isa = PBXFileReference; fileEncoding = 4; lastKnownFileType = sourcecode.swift; path = User.swift; sourceTree = "<group>"; };
/* End PBXFileReference section */

/* Begin PBXFrameworksBuildPhase section */
		F8D236CB1ECD9AD000D19043 /* Frameworks */ = {
			isa = PBXFrameworksBuildPhase;
			buildActionMask = 2147483647;
			files = (
			);
			runOnlyForDeploymentPostprocessing = 0;
		};
/* End PBXFrameworksBuildPhase section */

/* Begin PBXGroup section */
		F812231E1EE8465900813736 /* Source */ = {
			isa = PBXGroup;
			children = (
				F812231F1EE8465900813736 /* SocketAckEmitter.swift */,
				F81223201EE8465900813736 /* SocketAckManager.swift */,
				F81223211EE8465900813736 /* SocketAnyEvent.swift */,
				F81223221EE8465900813736 /* SocketClientManager.swift */,
				F81223231EE8465900813736 /* SocketEngine.swift */,
				F81223241EE8465900813736 /* SocketEngineClient.swift */,
				F81223251EE8465900813736 /* SocketEnginePacketType.swift */,
				F81223261EE8465900813736 /* SocketEnginePollable.swift */,
				F81223271EE8465900813736 /* SocketEngineSpec.swift */,
				F81223281EE8465900813736 /* SocketEngineWebsocket.swift */,
				F81223291EE8465900813736 /* SocketEventHandler.swift */,
				F812232A1EE8465900813736 /* SocketExtensions.swift */,
				F812232B1EE8465900813736 /* SocketIOClient.swift */,
				F812232C1EE8465900813736 /* SocketIOClientConfiguration.swift */,
				F812232D1EE8465900813736 /* SocketIOClientOption.swift */,
				F812232E1EE8465900813736 /* SocketIOClientSpec.swift */,
				F812232F1EE8465900813736 /* SocketIOClientStatus.swift */,
				F81223301EE8465900813736 /* SocketLogger.swift */,
				F81223311EE8465900813736 /* SocketPacket.swift */,
				F81223321EE8465900813736 /* SocketParsable.swift */,
				F81223331EE8465900813736 /* SocketStringReader.swift */,
				F81223341EE8465900813736 /* SocketTypes.swift */,
				F81223351EE8465900813736 /* SSLSecurity.swift */,
				F81223361EE8465900813736 /* WebSocket.swift */,
			);
			path = Source;
			sourceTree = "<group>";
		};
		F812234F1EE8467200813736 /* SocketIO */ = {
			isa = PBXGroup;
			children = (
				F812231E1EE8465900813736 /* Source */,
			);
			name = SocketIO;
			sourceTree = "<group>";
		};
		F88B4DAE1F039FF200AA9545 /* Resources */ = {
			isa = PBXGroup;
			children = (
				F88B4DA61F039FE500AA9545 /* background.png */,
				F88B4DA71F039FE500AA9545 /* favicon.png */,
				F88B4DA81F039FE500AA9545 /* font.ttf */,
				F88B4DA91F039FE500AA9545 /* logo.png */,
			);
			name = Resources;
			sourceTree = "<group>";
		};
		F8D236C51ECD9AD000D19043 = {
			isa = PBXGroup;
			children = (
				F812234F1EE8467200813736 /* SocketIO */,
				F8D236D01ECD9AD000D19043 /* SharpeApp */,
				F8D236CF1ECD9AD000D19043 /* Products */,
			);
			sourceTree = "<group>";
		};
		F8D236CF1ECD9AD000D19043 /* Products */ = {
			isa = PBXGroup;
			children = (
				F8D236CE1ECD9AD000D19043 /* SharpeApp.app */,
			);
			name = Products;
			sourceTree = "<group>";
		};
		F8D236D01ECD9AD000D19043 /* SharpeApp */ = {
			isa = PBXGroup;
			children = (
				F88B4DAE1F039FF200AA9545 /* Resources */,
				F8D236D11ECD9AD000D19043 /* AppDelegate.swift */,
				F81223501EE846C400813736 /* SocketIOManager.swift */,
				F8D236D51ECD9AD000D19043 /* Main.storyboard */,
				F8D236D81ECD9AD000D19043 /* Assets.xcassets */,
				F8D236DA1ECD9AD000D19043 /* LaunchScreen.storyboard */,
				F8D236DD1ECD9AD000D19043 /* Info.plist */,
				F8D236E31ECD9B8700D19043 /* BaseCell.swift */,
				F8D236F11ECDA2E900D19043 /* ChatCell.swift */,
				F8D236F21ECDA2E900D19043 /* ChatCell.xib */,
				F8D236F71ECDA91E00D19043 /* UserCell.swift */,
				F8D236F81ECDA91E00D19043 /* UserCell.xib */,
				F8D236FB1ECDAF7D00D19043 /* UsersViewController.swift */,
				F8D236FC1ECDAF7D00D19043 /* UsersViewController.xib */,
				F8D236FF1ECDB09D00D19043 /* User.swift */,
				F812231A1EE8320C00813736 /* ChatViewController.swift */,
				F812231B1EE8320C00813736 /* ChatViewController.xib */,
				F88B4DB11F03A84500AA9545 /* UserRetriever.swift */,
				F88B4DB31F03AABD00AA9545 /* AbstractRetriever.swift */,
				EC9980661F039C5A00D466EF /* LoginViewController.swift */,
				EC9980671F039C5A00D466EF /* LoginViewController.xib */,
				EC99806A1F03A8E900D466EF /* LoginRetriever.swift */,
			);
			path = SharpeApp;
			sourceTree = "<group>";
		};
/* End PBXGroup section */

/* Begin PBXNativeTarget section */
		F8D236CD1ECD9AD000D19043 /* SharpeApp */ = {
			isa = PBXNativeTarget;
			buildConfigurationList = F8D236E01ECD9AD000D19043 /* Build configuration list for PBXNativeTarget "SharpeApp" */;
			buildPhases = (
				F8D236CA1ECD9AD000D19043 /* Sources */,
				F8D236CB1ECD9AD000D19043 /* Frameworks */,
				F8D236CC1ECD9AD000D19043 /* Resources */,
			);
			buildRules = (
			);
			dependencies = (
			);
			name = SharpeApp;
			productName = SharpeApp;
			productReference = F8D236CE1ECD9AD000D19043 /* SharpeApp.app */;
			productType = "com.apple.product-type.application";
		};
/* End PBXNativeTarget section */

/* Begin PBXProject section */
		F8D236C61ECD9AD000D19043 /* Project object */ = {
			isa = PBXProject;
			attributes = {
				LastSwiftUpdateCheck = 0830;
				LastUpgradeCheck = 0830;
				ORGANIZATIONNAME = "Thomas Fouan";
				TargetAttributes = {
					F8D236CD1ECD9AD000D19043 = {
						CreatedOnToolsVersion = 8.3.2;
						ProvisioningStyle = Automatic;
					};
				};
			};
			buildConfigurationList = F8D236C91ECD9AD000D19043 /* Build configuration list for PBXProject "SharpeApp" */;
			compatibilityVersion = "Xcode 3.2";
			developmentRegion = English;
			hasScannedForEncodings = 0;
			knownRegions = (
				en,
				Base,
			);
			mainGroup = F8D236C51ECD9AD000D19043;
			productRefGroup = F8D236CF1ECD9AD000D19043 /* Products */;
			projectDirPath = "";
			projectRoot = "";
			targets = (
				F8D236CD1ECD9AD000D19043 /* SharpeApp */,
			);
		};
/* End PBXProject section */

/* Begin PBXResourcesBuildPhase section */
		F8D236CC1ECD9AD000D19043 /* Resources */ = {
			isa = PBXResourcesBuildPhase;
			buildActionMask = 2147483647;
			files = (
				EC9980691F039C5A00D466EF /* LoginViewController.xib in Resources */,
				F8D236DC1ECD9AD000D19043 /* LaunchScreen.storyboard in Resources */,
				F88B4DAA1F039FE500AA9545 /* background.png in Resources */,
				F88B4DAD1F039FE500AA9545 /* logo.png in Resources */,
				F88B4DAB1F039FE500AA9545 /* favicon.png in Resources */,
				F8D236FE1ECDAF7D00D19043 /* UsersViewController.xib in Resources */,
				F812231D1EE8320C00813736 /* ChatViewController.xib in Resources */,
				F88B4DAC1F039FE500AA9545 /* font.ttf in Resources */,
				F8D236F41ECDA2E900D19043 /* ChatCell.xib in Resources */,
				F8D236D91ECD9AD000D19043 /* Assets.xcassets in Resources */,
				F8D236D71ECD9AD000D19043 /* Main.storyboard in Resources */,
				F8D236FA1ECDA91E00D19043 /* UserCell.xib in Resources */,
			);
			runOnlyForDeploymentPostprocessing = 0;
		};
/* End PBXResourcesBuildPhase section */

/* Begin PBXSourcesBuildPhase section */
		F8D236CA1ECD9AD000D19043 /* Sources */ = {
			isa = PBXSourcesBuildPhase;
			buildActionMask = 2147483647;
			files = (
				F812233C1EE8465900813736 /* SocketEngineClient.swift in Sources */,
				F81223471EE8465900813736 /* SocketIOClientStatus.swift in Sources */,
				F812233B1EE8465900813736 /* SocketEngine.swift in Sources */,
				F88B4DB21F03A84500AA9545 /* UserRetriever.swift in Sources */,
				F88B4DB41F03AABD00AA9545 /* AbstractRetriever.swift in Sources */,
				F81223441EE8465900813736 /* SocketIOClientConfiguration.swift in Sources */,
				F81223391EE8465900813736 /* SocketAnyEvent.swift in Sources */,
				F8D236F91ECDA91E00D19043 /* UserCell.swift in Sources */,
				F81223491EE8465900813736 /* SocketPacket.swift in Sources */,
				F8D236F31ECDA2E900D19043 /* ChatCell.swift in Sources */,
				EC99806B1F03A8E900D466EF /* LoginRetriever.swift in Sources */,
				F8D237001ECDB09D00D19043 /* User.swift in Sources */,
				F81223381EE8465900813736 /* SocketAckManager.swift in Sources */,
				F812233E1EE8465900813736 /* SocketEnginePollable.swift in Sources */,
				F81223421EE8465900813736 /* SocketExtensions.swift in Sources */,
				F81223511EE846C400813736 /* SocketIOManager.swift in Sources */,
				F81223481EE8465900813736 /* SocketLogger.swift in Sources */,
				F81223451EE8465900813736 /* SocketIOClientOption.swift in Sources */,
				F812234A1EE8465900813736 /* SocketParsable.swift in Sources */,
				F812233A1EE8465900813736 /* SocketClientManager.swift in Sources */,
				F812234D1EE8465900813736 /* SSLSecurity.swift in Sources */,
				F81223401EE8465900813736 /* SocketEngineWebsocket.swift in Sources */,
				F81223371EE8465900813736 /* SocketAckEmitter.swift in Sources */,
				F812234B1EE8465900813736 /* SocketStringReader.swift in Sources */,
				EC9980681F039C5A00D466EF /* LoginViewController.swift in Sources */,
				F812231C1EE8320C00813736 /* ChatViewController.swift in Sources */,
				F812234E1EE8465900813736 /* WebSocket.swift in Sources */,
				F81223411EE8465900813736 /* SocketEventHandler.swift in Sources */,
				F812233F1EE8465900813736 /* SocketEngineSpec.swift in Sources */,
				F812234C1EE8465900813736 /* SocketTypes.swift in Sources */,
				F81223461EE8465900813736 /* SocketIOClientSpec.swift in Sources */,
				F81223431EE8465900813736 /* SocketIOClient.swift in Sources */,
				F812233D1EE8465900813736 /* SocketEnginePacketType.swift in Sources */,
				F8D236FD1ECDAF7D00D19043 /* UsersViewController.swift in Sources */,
				F8D236E51ECD9B8700D19043 /* BaseCell.swift in Sources */,
				F8D236D21ECD9AD000D19043 /* AppDelegate.swift in Sources */,
			);
			runOnlyForDeploymentPostprocessing = 0;
		};
/* End PBXSourcesBuildPhase section */

/* Begin PBXVariantGroup section */
		F8D236D51ECD9AD000D19043 /* Main.storyboard */ = {
			isa = PBXVariantGroup;
			children = (
				F8D236D61ECD9AD000D19043 /* Base */,
			);
			name = Main.storyboard;
			sourceTree = "<group>";
		};
		F8D236DA1ECD9AD000D19043 /* LaunchScreen.storyboard */ = {
			isa = PBXVariantGroup;
			children = (
				F8D236DB1ECD9AD000D19043 /* Base */,
			);
			name = LaunchScreen.storyboard;
			sourceTree = "<group>";
		};
/* End PBXVariantGroup section */

/* Begin XCBuildConfiguration section */
		F8D236DE1ECD9AD000D19043 /* Debug */ = {
			isa = XCBuildConfiguration;
			buildSettings = {
				ALWAYS_SEARCH_USER_PATHS = NO;
				CLANG_ANALYZER_NONNULL = YES;
				CLANG_ANALYZER_NUMBER_OBJECT_CONVERSION = YES_AGGRESSIVE;
				CLANG_CXX_LANGUAGE_STANDARD = "gnu++0x";
				CLANG_CXX_LIBRARY = "libc++";
				CLANG_ENABLE_MODULES = YES;
				CLANG_ENABLE_OBJC_ARC = YES;
				CLANG_WARN_BOOL_CONVERSION = YES;
				CLANG_WARN_CONSTANT_CONVERSION = YES;
				CLANG_WARN_DIRECT_OBJC_ISA_USAGE = YES_ERROR;
				CLANG_WARN_DOCUMENTATION_COMMENTS = YES;
				CLANG_WARN_EMPTY_BODY = YES;
				CLANG_WARN_ENUM_CONVERSION = YES;
				CLANG_WARN_INFINITE_RECURSION = YES;
				CLANG_WARN_INT_CONVERSION = YES;
				CLANG_WARN_OBJC_ROOT_CLASS = YES_ERROR;
				CLANG_WARN_SUSPICIOUS_MOVE = YES;
				CLANG_WARN_UNREACHABLE_CODE = YES;
				CLANG_WARN__DUPLICATE_METHOD_MATCH = YES;
				"CODE_SIGN_IDENTITY[sdk=iphoneos*]" = "iPhone Developer";
				COPY_PHASE_STRIP = NO;
				DEBUG_INFORMATION_FORMAT = dwarf;
				ENABLE_STRICT_OBJC_MSGSEND = YES;
				ENABLE_TESTABILITY = YES;
				GCC_C_LANGUAGE_STANDARD = gnu99;
				GCC_DYNAMIC_NO_PIC = NO;
				GCC_NO_COMMON_BLOCKS = YES;
				GCC_OPTIMIZATION_LEVEL = 0;
				GCC_PREPROCESSOR_DEFINITIONS = (
					"DEBUG=1",
					"$(inherited)",
				);
				GCC_WARN_64_TO_32_BIT_CONVERSION = YES;
				GCC_WARN_ABOUT_RETURN_TYPE = YES_ERROR;
				GCC_WARN_UNDECLARED_SELECTOR = YES;
				GCC_WARN_UNINITIALIZED_AUTOS = YES_AGGRESSIVE;
				GCC_WARN_UNUSED_FUNCTION = YES;
				GCC_WARN_UNUSED_VARIABLE = YES;
				IPHONEOS_DEPLOYMENT_TARGET = 10.3;
				MTL_ENABLE_DEBUG_INFO = YES;
				ONLY_ACTIVE_ARCH = YES;
				SDKROOT = iphoneos;
				SWIFT_ACTIVE_COMPILATION_CONDITIONS = DEBUG;
				SWIFT_OPTIMIZATION_LEVEL = "-Onone";
			};
			name = Debug;
		};
		F8D236DF1ECD9AD000D19043 /* Release */ = {
			isa = XCBuildConfiguration;
			buildSettings = {
				ALWAYS_SEARCH_USER_PATHS = NO;
				CLANG_ANALYZER_NONNULL = YES;
				CLANG_ANALYZER_NUMBER_OBJECT_CONVERSION = YES_AGGRESSIVE;
				CLANG_CXX_LANGUAGE_STANDARD = "gnu++0x";
				CLANG_CXX_LIBRARY = "libc++";
				CLANG_ENABLE_MODULES = YES;
				CLANG_ENABLE_OBJC_ARC = YES;
				CLANG_WARN_BOOL_CONVERSION = YES;
				CLANG_WARN_CONSTANT_CONVERSION = YES;
				CLANG_WARN_DIRECT_OBJC_ISA_USAGE = YES_ERROR;
				CLANG_WARN_DOCUMENTATION_COMMENTS = YES;
				CLANG_WARN_EMPTY_BODY = YES;
				CLANG_WARN_ENUM_CONVERSION = YES;
				CLANG_WARN_INFINITE_RECURSION = YES;
				CLANG_WARN_INT_CONVERSION = YES;
				CLANG_WARN_OBJC_ROOT_CLASS = YES_ERROR;
				CLANG_WARN_SUSPICIOUS_MOVE = YES;
				CLANG_WARN_UNREACHABLE_CODE = YES;
				CLANG_WARN__DUPLICATE_METHOD_MATCH = YES;
				"CODE_SIGN_IDENTITY[sdk=iphoneos*]" = "iPhone Developer";
				COPY_PHASE_STRIP = NO;
				DEBUG_INFORMATION_FORMAT = "dwarf-with-dsym";
				ENABLE_NS_ASSERTIONS = NO;
				ENABLE_STRICT_OBJC_MSGSEND = YES;
				GCC_C_LANGUAGE_STANDARD = gnu99;
				GCC_NO_COMMON_BLOCKS = YES;
				GCC_WARN_64_TO_32_BIT_CONVERSION = YES;
				GCC_WARN_ABOUT_RETURN_TYPE = YES_ERROR;
				GCC_WARN_UNDECLARED_SELECTOR = YES;
				GCC_WARN_UNINITIALIZED_AUTOS = YES_AGGRESSIVE;
				GCC_WARN_UNUSED_FUNCTION = YES;
				GCC_WARN_UNUSED_VARIABLE = YES;
				IPHONEOS_DEPLOYMENT_TARGET = 10.3;
				MTL_ENABLE_DEBUG_INFO = NO;
				SDKROOT = iphoneos;
				SWIFT_OPTIMIZATION_LEVEL = "-Owholemodule";
				VALIDATE_PRODUCT = YES;
			};
			name = Release;
		};
		F8D236E11ECD9AD000D19043 /* Debug */ = {
			isa = XCBuildConfiguration;
			buildSettings = {
				ASSETCATALOG_COMPILER_APPICON_NAME = AppIcon;
				INFOPLIST_FILE = SharpeApp/Info.plist;
				IPHONEOS_DEPLOYMENT_TARGET = 10.1;
				LD_RUNPATH_SEARCH_PATHS = "$(inherited) @executable_path/Frameworks";
				PRODUCT_BUNDLE_IDENTIFIER = com.esgi.SharpeApp;
				PRODUCT_NAME = "$(TARGET_NAME)";
				SWIFT_VERSION = 3.0;
			};
			name = Debug;
		};
		F8D236E21ECD9AD000D19043 /* Release */ = {
			isa = XCBuildConfiguration;
			buildSettings = {
				ASSETCATALOG_COMPILER_APPICON_NAME = AppIcon;
				INFOPLIST_FILE = SharpeApp/Info.plist;
				IPHONEOS_DEPLOYMENT_TARGET = 10.1;
				LD_RUNPATH_SEARCH_PATHS = "$(inherited) @executable_path/Frameworks";
				PRODUCT_BUNDLE_IDENTIFIER = com.esgi.SharpeApp;
				PRODUCT_NAME = "$(TARGET_NAME)";
				SWIFT_VERSION = 3.0;
			};
			name = Release;
		};
/* End XCBuildConfiguration section */

/* Begin XCConfigurationList section */
		F8D236C91ECD9AD000D19043 /* Build configuration list for PBXProject "SharpeApp" */ = {
			isa = XCConfigurationList;
			buildConfigurations = (
				F8D236DE1ECD9AD000D19043 /* Debug */,
				F8D236DF1ECD9AD000D19043 /* Release */,
			);
			defaultConfigurationIsVisible = 0;
			defaultConfigurationName = Release;
		};
		F8D236E01ECD9AD000D19043 /* Build configuration list for PBXNativeTarget "SharpeApp" */ = {
			isa = XCConfigurationList;
			buildConfigurations = (
				F8D236E11ECD9AD000D19043 /* Debug */,
				F8D236E21ECD9AD000D19043 /* Release */,
			);
			defaultConfigurationIsVisible = 0;
			defaultConfigurationName = Release;
		};
/* End XCConfigurationList section */
	};
	rootObject = F8D236C61ECD9AD000D19043 /* Project object */;
}
